
Microsoft Visual Studio Solution File, Format Version 12.00
# Visual Studio 15
VisualStudioVersion = 15.0.27703.2035
MinimumVisualStudioVersion = 10.0.40219.1
Project("{9A19103F-16F7-4668-BE54-9A1E7A4F7556}") = "xvideos downloader", "xvideos downloader\xvideos downloader.csproj", "{5E6184D5-A241-42C8-8524-D5C5C793E478}"
EndProject
Project("{2150E333-8FDC-42A3-9474-1A3956D46DE8}") = "Solution Items", "Solution Items", "{341A529A-3344-4879-86AC-69F9EA912479}"
EndProject
Global
	GlobalSection(SolutionConfigurationPlatforms) = preSolution
		Debug|Any CPU = Debug|Any CPU
		Release|Any CPU = Release|Any CPU
	EndGlobalSection
	GlobalSection(ProjectConfigurationPlatforms) = postSolution
		{5E6184D5-A241-42C8-8524-D5C5C793E478}.Debug|Any CPU.ActiveCfg = Debug|Any CPU
		{5E6184D5-A241-42C8-8524-D5C5C793E478}.Debug|Any CPU.Build.0 = Debug|Any CPU
		{5E6184D5-A241-42C8-8524-D5C5C793E478}.Release|Any CPU.ActiveCfg = Release|Any CPU
		{5E6184D5-A241-42C8-8524-D5C5C793E478}.Release|Any CPU.Build.0 = Release|Any CPU
	EndGlobalSection
	GlobalSection(SolutionProperties) = preSolution
		HideSolutionNode = FALSE
	EndGlobalSection
	GlobalSection(ExtensibilityGlobals) = postSolution
		SolutionGuid = {FBE27B0F-0986-49C2-9203-8800D00470E2}
	EndGlobalSection
EndGlobal
